
Microsoft Visual Studio Solution File, Format Version 12.00
# Visual Studio Version 16
VisualStudioVersion = 16.0.32126.315
MinimumVisualStudioVersion = 10.0.40219.1
Project("{FAE04EC0-301F-11D3-BF4B-00C04F79EFBC}") = "WebApi_StockProduit", "WebApi_StockProduit\WebApi_StockProduit.csproj", "{49563E53-9BE3-4F68-A396-CA7AF4BAB622}"
EndProject
Project("{FAE04EC0-301F-11D3-BF4B-00C04F79EFBC}") = "Entities", "Entities\Entities.csproj", "{0C1E0331-87BD-4CB9-84A8-070B2E69C490}"
EndProject
Project("{FAE04EC0-301F-11D3-BF4B-00C04F79EFBC}") = "Repositories", "Repositories\Repositories.csproj", "{F656F431-BA01-4E37-AE52-CFD8765391E5}"
EndProject
Project("{FAE04EC0-301F-11D3-BF4B-00C04F79EFBC}") = "Contrat", "Contrat\Contrat.csproj", "{26DB53B7-B371-4A5C-897E-63071B340D82}"
EndProject
Global
	GlobalSection(SolutionConfigurationPlatforms) = preSolution
		Debug|Any CPU = Debug|Any CPU
		Release|Any CPU = Release|Any CPU
	EndGlobalSection
	GlobalSection(ProjectConfigurationPlatforms) = postSolution
		{49563E53-9BE3-4F68-A396-CA7AF4BAB622}.Debug|Any CPU.ActiveCfg = Debug|Any CPU
		{49563E53-9BE3-4F68-A396-CA7AF4BAB622}.Debug|Any CPU.Build.0 = Debug|Any CPU
		{49563E53-9BE3-4F68-A396-CA7AF4BAB622}.Release|Any CPU.ActiveCfg = Release|Any CPU
		{49563E53-9BE3-4F68-A396-CA7AF4BAB622}.Release|Any CPU.Build.0 = Release|Any CPU
		{0C1E0331-87BD-4CB9-84A8-070B2E69C490}.Debug|Any CPU.ActiveCfg = Debug|Any CPU
		{0C1E0331-87BD-4CB9-84A8-070B2E69C490}.Debug|Any CPU.Build.0 = Debug|Any CPU
		{0C1E0331-87BD-4CB9-84A8-070B2E69C490}.Release|Any CPU.ActiveCfg = Release|Any CPU
		{0C1E0331-87BD-4CB9-84A8-070B2E69C490}.Release|Any CPU.Build.0 = Release|Any CPU
		{F656F431-BA01-4E37-AE52-CFD8765391E5}.Debug|Any CPU.ActiveCfg = Debug|Any CPU
		{F656F431-BA01-4E37-AE52-CFD8765391E5}.Debug|Any CPU.Build.0 = Debug|Any CPU
		{F656F431-BA01-4E37-AE52-CFD8765391E5}.Release|Any CPU.ActiveCfg = Release|Any CPU
		{F656F431-BA01-4E37-AE52-CFD8765391E5}.Release|Any CPU.Build.0 = Release|Any CPU
		{26DB53B7-B371-4A5C-897E-63071B340D82}.Debug|Any CPU.ActiveCfg = Debug|Any CPU
		{26DB53B7-B371-4A5C-897E-63071B340D82}.Debug|Any CPU.Build.0 = Debug|Any CPU
		{26DB53B7-B371-4A5C-897E-63071B340D82}.Release|Any CPU.ActiveCfg = Release|Any CPU
		{26DB53B7-B371-4A5C-897E-63071B340D82}.Release|Any CPU.Build.0 = Release|Any CPU
	EndGlobalSection
	GlobalSection(SolutionProperties) = preSolution
		HideSolutionNode = FALSE
	EndGlobalSection
	GlobalSection(ExtensibilityGlobals) = postSolution
		SolutionGuid = {265128B2-D302-48E0-A8AB-2A8EDF0925F0}
	EndGlobalSection
EndGlobal
